
Microsoft Visual Studio Solution File, Format Version 12.00
# Visual Studio Version 16
VisualStudioVersion = 16.0.29123.88
MinimumVisualStudioVersion = 10.0.40219.1
Project("{FAE04EC0-301F-11D3-BF4B-00C04F79EFBC}") = "TreeLoader", "TreeLoader\TreeLoader.csproj", "{1EA42B4B-6D45-44D2-8DE9-EFC50D06168F}"
EndProject
Project("{FAE04EC0-301F-11D3-BF4B-00C04F79EFBC}") = "WPFTreeLoaderDemo", "WPFTreeLoaderDemo\WPFTreeLoaderDemo.csproj", "{F93A9F95-35B5-4707-BC4E-A9AA2669B91F}"
EndProject
Project("{FAE04EC0-301F-11D3-BF4B-00C04F79EFBC}") = "WinformTreeLoaderDemo", "WinformTreeLoaderDemo\WinformTreeLoaderDemo.csproj", "{75F23C3C-20EC-4BD8-8572-BF3F0178FDCF}"
EndProject
Project("{FAE04EC0-301F-11D3-BF4B-00C04F79EFBC}") = "MyTreeLoader", "MyTreeLoader\MyTreeLoader.csproj", "{1646F54D-13B0-4718-8B8C-7E24DD658FBE}"
EndProject
Project("{FAE04EC0-301F-11D3-BF4B-00C04F79EFBC}") = "WpfMyTreeLoader", "WpfMyTreeLoader\WpfMyTreeLoader.csproj", "{849B922F-8593-41D2-A155-B10FD1DA9427}"
EndProject
Global
	GlobalSection(SolutionConfigurationPlatforms) = preSolution
		Debug|Any CPU = Debug|Any CPU
		Release|Any CPU = Release|Any CPU
	EndGlobalSection
	GlobalSection(ProjectConfigurationPlatforms) = postSolution
		{1EA42B4B-6D45-44D2-8DE9-EFC50D06168F}.Debug|Any CPU.ActiveCfg = Debug|Any CPU
		{1EA42B4B-6D45-44D2-8DE9-EFC50D06168F}.Debug|Any CPU.Build.0 = Debug|Any CPU
		{1EA42B4B-6D45-44D2-8DE9-EFC50D06168F}.Release|Any CPU.ActiveCfg = Release|Any CPU
		{1EA42B4B-6D45-44D2-8DE9-EFC50D06168F}.Release|Any CPU.Build.0 = Release|Any CPU
		{F93A9F95-35B5-4707-BC4E-A9AA2669B91F}.Debug|Any CPU.ActiveCfg = Debug|Any CPU
		{F93A9F95-35B5-4707-BC4E-A9AA2669B91F}.Debug|Any CPU.Build.0 = Debug|Any CPU
		{F93A9F95-35B5-4707-BC4E-A9AA2669B91F}.Release|Any CPU.ActiveCfg = Release|Any CPU
		{F93A9F95-35B5-4707-BC4E-A9AA2669B91F}.Release|Any CPU.Build.0 = Release|Any CPU
		{75F23C3C-20EC-4BD8-8572-BF3F0178FDCF}.Debug|Any CPU.ActiveCfg = Debug|Any CPU
		{75F23C3C-20EC-4BD8-8572-BF3F0178FDCF}.Debug|Any CPU.Build.0 = Debug|Any CPU
		{75F23C3C-20EC-4BD8-8572-BF3F0178FDCF}.Release|Any CPU.ActiveCfg = Release|Any CPU
		{75F23C3C-20EC-4BD8-8572-BF3F0178FDCF}.Release|Any CPU.Build.0 = Release|Any CPU
		{1646F54D-13B0-4718-8B8C-7E24DD658FBE}.Debug|Any CPU.ActiveCfg = Debug|Any CPU
		{1646F54D-13B0-4718-8B8C-7E24DD658FBE}.Debug|Any CPU.Build.0 = Debug|Any CPU
		{1646F54D-13B0-4718-8B8C-7E24DD658FBE}.Release|Any CPU.ActiveCfg = Release|Any CPU
		{1646F54D-13B0-4718-8B8C-7E24DD658FBE}.Release|Any CPU.Build.0 = Release|Any CPU
		{849B922F-8593-41D2-A155-B10FD1DA9427}.Debug|Any CPU.ActiveCfg = Debug|Any CPU
		{849B922F-8593-41D2-A155-B10FD1DA9427}.Debug|Any CPU.Build.0 = Debug|Any CPU
		{849B922F-8593-41D2-A155-B10FD1DA9427}.Release|Any CPU.ActiveCfg = Release|Any CPU
		{849B922F-8593-41D2-A155-B10FD1DA9427}.Release|Any CPU.Build.0 = Release|Any CPU
	EndGlobalSection
	GlobalSection(SolutionProperties) = preSolution
		HideSolutionNode = FALSE
	EndGlobalSection
	GlobalSection(ExtensibilityGlobals) = postSolution
		SolutionGuid = {3E4C2871-CB21-43A6-884E-197608554B64}
	EndGlobalSection
EndGlobal
